
Microsoft Visual Studio Solution File, Format Version 12.00
# Visual Studio Version 17
VisualStudioVersion = 17.2.32616.157
MinimumVisualStudioVersion = 10.0.40219.1
Project("{FAE04EC0-301F-11D3-BF4B-00C04F79EFBC}") = "ddd", "ddd.csproj", "{6B20A68B-375A-42CA-8606-F2C10718A629}"
EndProject
Global
	GlobalSection(SolutionConfigurationPlatforms) = preSolution
		Debug|Any CPU = Debug|Any CPU
		Release|Any CPU = Release|Any CPU
	EndGlobalSection
	GlobalSection(ProjectConfigurationPlatforms) = postSolution
		{6B20A68B-375A-42CA-8606-F2C10718A629}.Debug|Any CPU.ActiveCfg = Debug|Any CPU
		{6B20A68B-375A-42CA-8606-F2C10718A629}.Debug|Any CPU.Build.0 = Debug|Any CPU
		{6B20A68B-375A-42CA-8606-F2C10718A629}.Release|Any CPU.ActiveCfg = Release|Any CPU
		{6B20A68B-375A-42CA-8606-F2C10718A629}.Release|Any CPU.Build.0 = Release|Any CPU
	EndGlobalSection
	GlobalSection(SolutionProperties) = preSolution
		HideSolutionNode = FALSE
	EndGlobalSection
	GlobalSection(ExtensibilityGlobals) = postSolution
		SolutionGuid = {B20E7F38-D36D-40C3-9C14-66234E10F161}
	EndGlobalSection
EndGlobal
